
Microsoft Visual Studio Solution File, Format Version 12.00
# Visual Studio Version 17
VisualStudioVersion = 17.0.31903.59
MinimumVisualStudioVersion = 10.0.40219.1
Project("{9A19103F-16F7-4668-BE54-9A1E7A4F7556}") = "HTML5", "HTML5\HTML5.csproj", "{819E9E15-7338-4C74-A37B-DB0C06CC5156}"
EndProject
Global
	GlobalSection(SolutionConfigurationPlatforms) = preSolution
		Debug|Any CPU = Debug|Any CPU
		Release|Any CPU = Release|Any CPU
	EndGlobalSection
	GlobalSection(ProjectConfigurationPlatforms) = postSolution
		{819E9E15-7338-4C74-A37B-DB0C06CC5156}.Debug|Any CPU.ActiveCfg = Debug|Any CPU
		{819E9E15-7338-4C74-A37B-DB0C06CC5156}.Debug|Any CPU.Build.0 = Debug|Any CPU
		{819E9E15-7338-4C74-A37B-DB0C06CC5156}.Release|Any CPU.ActiveCfg = Release|Any CPU
		{819E9E15-7338-4C74-A37B-DB0C06CC5156}.Release|Any CPU.Build.0 = Release|Any CPU
	EndGlobalSection
	GlobalSection(SolutionProperties) = preSolution
		HideSolutionNode = FALSE
	EndGlobalSection
	GlobalSection(ExtensibilityGlobals) = postSolution
		SolutionGuid = {7F201807-A977-468B-8699-E5F2F300AEAB}
	EndGlobalSection
EndGlobal
